// !$*UTF8*$!
{
	archiveVersion = 1;
	classes = {
	};
	objectVersion = 56;
	objects = {

/* Begin PBXBuildFile section */
		6D9DF25D2BF9384700922B9F /* LittleLemonApp.swift in Sources */ = {isa = PBXBuildFile; fileRef = 6D9DF25C2BF9384700922B9F /* LittleLemonApp.swift */; };
		6D9DF25F2BF9384700922B9F /* MenuItemsView.swift in Sources */ = {isa = PBXBuildFile; fileRef = 6D9DF25E2BF9384700922B9F /* MenuItemsView.swift */; };
		6D9DF2612BF9384800922B9F /* Assets.xcassets in Resources */ = {isa = PBXBuildFile; fileRef = 6D9DF2602BF9384800922B9F /* Assets.xcassets */; };
		6D9DF2642BF9384800922B9F /* Preview Assets.xcassets in Resources */ = {isa = PBXBuildFile; fileRef = 6D9DF2632BF9384800922B9F /* Preview Assets.xcassets */; };
		6D9DF26E2BF9384800922B9F /* LittleLemonTests.swift in Sources */ = {isa = PBXBuildFile; fileRef = 6D9DF26D2BF9384800922B9F /* LittleLemonTests.swift */; };
		6D9DF2782BF9384800922B9F /* LittleLemonUITests.swift in Sources */ = {isa = PBXBuildFile; fileRef = 6D9DF2772BF9384800922B9F /* LittleLemonUITests.swift */; };
		6D9DF27A2BF9384800922B9F /* LittleLemonUITestsLaunchTests.swift in Sources */ = {isa = PBXBuildFile; fileRef = 6D9DF2792BF9384800922B9F /* LittleLemonUITestsLaunchTests.swift */; };
		6D9DF28B2BF938A700922B9F /* MenuItem.swift in Sources */ = {isa = PBXBuildFile; fileRef = 6D9DF28A2BF938A700922B9F /* MenuItem.swift */; };
		6D9DF28D2BF9398100922B9F /* MenuItemsOptionView.swift in Sources */ = {isa = PBXBuildFile; fileRef = 6D9DF28C2BF9398100922B9F /* MenuItemsOptionView.swift */; };
		6D9DF28F2BF939D700922B9F /* MenuItemDetailsView.swift in Sources */ = {isa = PBXBuildFile; fileRef = 6D9DF28E2BF939D700922B9F /* MenuItemDetailsView.swift */; };
		6D9DF2912BF939FB00922B9F /* MenuViewViewModel.swift in Sources */ = {isa = PBXBuildFile; fileRef = 6D9DF2902BF939FB00922B9F /* MenuViewViewModel.swift */; };
		6D9DF2932BF93A4E00922B9F /* MenuItemTests.swift in Sources */ = {isa = PBXBuildFile; fileRef = 6D9DF2922BF93A4E00922B9F /* MenuItemTests.swift */; };
/* End PBXBuildFile section */

/* Begin PBXContainerItemProxy section */
		6D9DF26A2BF9384800922B9F /* PBXContainerItemProxy */ = {
			isa = PBXContainerItemProxy;
			containerPortal = 6D9DF2512BF9384700922B9F /* Project object */;
			proxyType = 1;
			remoteGlobalIDString = 6D9DF2582BF9384700922B9F;
			remoteInfo = LittleLemon;
		};
		6D9DF2742BF9384800922B9F /* PBXContainerItemProxy */ = {
			isa = PBXContainerItemProxy;
			containerPortal = 6D9DF2512BF9384700922B9F /* Project object */;
			proxyType = 1;
			remoteGlobalIDString = 6D9DF2582BF9384700922B9F;
			remoteInfo = LittleLemon;
		};
/* End PBXContainerItemProxy section */

/* Begin PBXFileReference section */
		6D9DF2592BF9384700922B9F /* LittleLemon.app */ = {isa = PBXFileReference; explicitFileType = wrapper.application; includeInIndex = 0; path = LittleLemon.app; sourceTree = BUILT_PRODUCTS_DIR; };
		6D9DF25C2BF9384700922B9F /* LittleLemonApp.swift */ = {isa = PBXFileReference; lastKnownFileType = sourcecode.swift; path = LittleLemonApp.swift; sourceTree = "<group>"; };
		6D9DF25E2BF9384700922B9F /* MenuItemsView.swift */ = {isa = PBXFileReference; lastKnownFileType = sourcecode.swift; path = MenuItemsView.swift; sourceTree = "<group>"; };
		6D9DF2602BF9384800922B9F /* Assets.xcassets */ = {isa = PBXFileReference; lastKnownFileType = folder.assetcatalog; path = Assets.xcassets; sourceTree = "<group>"; };
		6D9DF2632BF9384800922B9F /* Preview Assets.xcassets */ = {isa = PBXFileReference; lastKnownFileType = folder.assetcatalog; path = "Preview Assets.xcassets"; sourceTree = "<group>"; };
		6D9DF2692BF9384800922B9F /* LittleLemonTests.xctest */ = {isa = PBXFileReference; explicitFileType = wrapper.cfbundle; includeInIndex = 0; path = LittleLemonTests.xctest; sourceTree = BUILT_PRODUCTS_DIR; };
		6D9DF26D2BF9384800922B9F /* LittleLemonTests.swift */ = {isa = PBXFileReference; lastKnownFileType = sourcecode.swift; path = LittleLemonTests.swift; sourceTree = "<group>"; };
		6D9DF2732BF9384800922B9F /* LittleLemonUITests.xctest */ = {isa = PBXFileReference; explicitFileType = wrapper.cfbundle; includeInIndex = 0; path = LittleLemonUITests.xctest; sourceTree = BUILT_PRODUCTS_DIR; };
		6D9DF2772BF9384800922B9F /* LittleLemonUITests.swift */ = {isa = PBXFileReference; lastKnownFileType = sourcecode.swift; path = LittleLemonUITests.swift; sourceTree = "<group>"; };
		6D9DF2792BF9384800922B9F /* LittleLemonUITestsLaunchTests.swift */ = {isa = PBXFileReference; lastKnownFileType = sourcecode.swift; path = LittleLemonUITestsLaunchTests.swift; sourceTree = "<group>"; };
		6D9DF28A2BF938A700922B9F /* MenuItem.swift */ = {isa = PBXFileReference; lastKnownFileType = sourcecode.swift; path = MenuItem.swift; sourceTree = "<group>"; };
		6D9DF28C2BF9398100922B9F /* MenuItemsOptionView.swift */ = {isa = PBXFileReference; lastKnownFileType = sourcecode.swift; path = MenuItemsOptionView.swift; sourceTree = "<group>"; };
		6D9DF28E2BF939D700922B9F /* MenuItemDetailsView.swift */ = {isa = PBXFileReference; lastKnownFileType = sourcecode.swift; path = MenuItemDetailsView.swift; sourceTree = "<group>"; };
		6D9DF2902BF939FB00922B9F /* MenuViewViewModel.swift */ = {isa = PBXFileReference; lastKnownFileType = sourcecode.swift; path = MenuViewViewModel.swift; sourceTree = "<group>"; };
		6D9DF2922BF93A4E00922B9F /* MenuItemTests.swift */ = {isa = PBXFileReference; lastKnownFileType = sourcecode.swift; path = MenuItemTests.swift; sourceTree = "<group>"; };
/* End PBXFileReference section */

/* Begin PBXFrameworksBuildPhase section */
		6D9DF2562BF9384700922B9F /* Frameworks */ = {
			isa = PBXFrameworksBuildPhase;
			buildActionMask = 2147483647;
			files = (
			);
			runOnlyForDeploymentPostprocessing = 0;
		};
		6D9DF2662BF9384800922B9F /* Frameworks */ = {
			isa = PBXFrameworksBuildPhase;
			buildActionMask = 2147483647;
			files = (
			);
			runOnlyForDeploymentPostprocessing = 0;
		};
		6D9DF2702BF9384800922B9F /* Frameworks */ = {
			isa = PBXFrameworksBuildPhase;
			buildActionMask = 2147483647;
			files = (
			);
			runOnlyForDeploymentPostprocessing = 0;
		};
/* End PBXFrameworksBuildPhase section */

/* Begin PBXGroup section */
		6D9DF2502BF9384700922B9F = {
			isa = PBXGroup;
			children = (
				6D9DF25B2BF9384700922B9F /* LittleLemon */,
				6D9DF26C2BF9384800922B9F /* LittleLemonTests */,
				6D9DF2762BF9384800922B9F /* LittleLemonUITests */,
				6D9DF25A2BF9384700922B9F /* Products */,
			);
			sourceTree = "<group>";
		};
		6D9DF25A2BF9384700922B9F /* Products */ = {
			isa = PBXGroup;
			children = (
				6D9DF2592BF9384700922B9F /* LittleLemon.app */,
				6D9DF2692BF9384800922B9F /* LittleLemonTests.xctest */,
				6D9DF2732BF9384800922B9F /* LittleLemonUITests.xctest */,
			);
			name = Products;
			sourceTree = "<group>";
		};
		6D9DF25B2BF9384700922B9F /* LittleLemon */ = {
			isa = PBXGroup;
			children = (
				6D9DF25C2BF9384700922B9F /* LittleLemonApp.swift */,
				6D9DF2602BF9384800922B9F /* Assets.xcassets */,
				6D9DF2622BF9384800922B9F /* Preview Content */,
				6D9DF2942BF93FAC00922B9F /* Model */,
				6D9DF2952BF93FD300922B9F /* ViewModel */,
				6D9DF2962BF9401300922B9F /* View */,
			);
			path = LittleLemon;
			sourceTree = "<group>";
		};
		6D9DF2622BF9384800922B9F /* Preview Content */ = {
			isa = PBXGroup;
			children = (
				6D9DF2632BF9384800922B9F /* Preview Assets.xcassets */,
			);
			path = "Preview Content";
			sourceTree = "<group>";
		};
		6D9DF26C2BF9384800922B9F /* LittleLemonTests */ = {
			isa = PBXGroup;
			children = (
				6D9DF26D2BF9384800922B9F /* LittleLemonTests.swift */,
				6D9DF2922BF93A4E00922B9F /* MenuItemTests.swift */,
			);
			path = LittleLemonTests;
			sourceTree = "<group>";
		};
		6D9DF2762BF9384800922B9F /* LittleLemonUITests */ = {
			isa = PBXGroup;
			children = (
				6D9DF2772BF9384800922B9F /* LittleLemonUITests.swift */,
				6D9DF2792BF9384800922B9F /* LittleLemonUITestsLaunchTests.swift */,
			);
			path = LittleLemonUITests;
			sourceTree = "<group>";
		};
		6D9DF2942BF93FAC00922B9F /* Model */ = {
			isa = PBXGroup;
			children = (
				6D9DF28A2BF938A700922B9F /* MenuItem.swift */,
			);
			path = Model;
			sourceTree = "<group>";
		};
		6D9DF2952BF93FD300922B9F /* ViewModel */ = {
			isa = PBXGroup;
			children = (
				6D9DF2902BF939FB00922B9F /* MenuViewViewModel.swift */,
			);
			path = ViewModel;
			sourceTree = "<group>";
		};
		6D9DF2962BF9401300922B9F /* View */ = {
			isa = PBXGroup;
			children = (
				6D9DF25E2BF9384700922B9F /* MenuItemsView.swift */,
				6D9DF28C2BF9398100922B9F /* MenuItemsOptionView.swift */,
				6D9DF28E2BF939D700922B9F /* MenuItemDetailsView.swift */,
			);
			path = View;
			sourceTree = "<group>";
		};
/* End PBXGroup section */

/* Begin PBXNativeTarget section */
		6D9DF2582BF9384700922B9F /* LittleLemon */ = {
			isa = PBXNativeTarget;
			buildConfigurationList = 6D9DF27D2BF9384800922B9F /* Build configuration list for PBXNativeTarget "LittleLemon" */;
			buildPhases = (
				6D9DF2552BF9384700922B9F /* Sources */,
				6D9DF2562BF9384700922B9F /* Frameworks */,
				6D9DF2572BF9384700922B9F /* Resources */,
			);
			buildRules = (
			);
			dependencies = (
			);
			name = LittleLemon;
			productName = LittleLemon;
			productReference = 6D9DF2592BF9384700922B9F /* LittleLemon.app */;
			productType = "com.apple.product-type.application";
		};
		6D9DF2682BF9384800922B9F /* LittleLemonTests */ = {
			isa = PBXNativeTarget;
			buildConfigurationList = 6D9DF2802BF9384800922B9F /* Build configuration list for PBXNativeTarget "LittleLemonTests" */;
			buildPhases = (
				6D9DF2652BF9384800922B9F /* Sources */,
				6D9DF2662BF9384800922B9F /* Frameworks */,
				6D9DF2672BF9384800922B9F /* Resources */,
			);
			buildRules = (
			);
			dependencies = (
				6D9DF26B2BF9384800922B9F /* PBXTargetDependency */,
			);
			name = LittleLemonTests;
			productName = LittleLemonTests;
			productReference = 6D9DF2692BF9384800922B9F /* LittleLemonTests.xctest */;
			productType = "com.apple.product-type.bundle.unit-test";
		};
		6D9DF2722BF9384800922B9F /* LittleLemonUITests */ = {
			isa = PBXNativeTarget;
			buildConfigurationList = 6D9DF2832BF9384800922B9F /* Build configuration list for PBXNativeTarget "LittleLemonUITests" */;
			buildPhases = (
				6D9DF26F2BF9384800922B9F /* Sources */,
				6D9DF2702BF9384800922B9F /* Frameworks */,
				6D9DF2712BF9384800922B9F /* Resources */,
			);
			buildRules = (
			);
			dependencies = (
				6D9DF2752BF9384800922B9F /* PBXTargetDependency */,
			);
			name = LittleLemonUITests;
			productName = LittleLemonUITests;
			productReference = 6D9DF2732BF9384800922B9F /* LittleLemonUITests.xctest */;
			productType = "com.apple.product-type.bundle.ui-testing";
		};
/* End PBXNativeTarget section */

/* Begin PBXProject section */
		6D9DF2512BF9384700922B9F /* Project object */ = {
			isa = PBXProject;
			attributes = {
				BuildIndependentTargetsInParallel = 1;
				LastSwiftUpdateCheck = 1530;
				LastUpgradeCheck = 1530;
				TargetAttributes = {
					6D9DF2582BF9384700922B9F = {
						CreatedOnToolsVersion = 15.3;
					};
					6D9DF2682BF9384800922B9F = {
						CreatedOnToolsVersion = 15.3;
						TestTargetID = 6D9DF2582BF9384700922B9F;
					};
					6D9DF2722BF9384800922B9F = {
						CreatedOnToolsVersion = 15.3;
						TestTargetID = 6D9DF2582BF9384700922B9F;
					};
				};
			};
			buildConfigurationList = 6D9DF2542BF9384700922B9F /* Build configuration list for PBXProject "LittleLemon" */;
			compatibilityVersion = "Xcode 14.0";
			developmentRegion = en;
			hasScannedForEncodings = 0;
			knownRegions = (
				en,
				Base,
			);
			mainGroup = 6D9DF2502BF9384700922B9F;
			productRefGroup = 6D9DF25A2BF9384700922B9F /* Products */;
			projectDirPath = "";
			projectRoot = "";
			targets = (
				6D9DF2582BF9384700922B9F /* LittleLemon */,
				6D9DF2682BF9384800922B9F /* LittleLemonTests */,
				6D9DF2722BF9384800922B9F /* LittleLemonUITests */,
			);
		};
/* End PBXProject section */

/* Begin PBXResourcesBuildPhase section */
		6D9DF2572BF9384700922B9F /* Resources */ = {
			isa = PBXResourcesBuildPhase;
			buildActionMask = 2147483647;
			files = (
				6D9DF2642BF9384800922B9F /* Preview Assets.xcassets in Resources */,
				6D9DF2612BF9384800922B9F /* Assets.xcassets in Resources */,
			);
			runOnlyForDeploymentPostprocessing = 0;
		};
		6D9DF2672BF9384800922B9F /* Resources */ = {
			isa = PBXResourcesBuildPhase;
			buildActionMask = 2147483647;
			files = (
			);
			runOnlyForDeploymentPostprocessing = 0;
		};
		6D9DF2712BF9384800922B9F /* Resources */ = {
			isa = PBXResourcesBuildPhase;
			buildActionMask = 2147483647;
			files = (
			);
			runOnlyForDeploymentPostprocessing = 0;
		};
/* End PBXResourcesBuildPhase section */

/* Begin PBXSourcesBuildPhase section */
		6D9DF2552BF9384700922B9F /* Sources */ = {
			isa = PBXSourcesBuildPhase;
			buildActionMask = 2147483647;
			files = (
				6D9DF25F2BF9384700922B9F /* MenuItemsView.swift in Sources */,
				6D9DF28F2BF939D700922B9F /* MenuItemDetailsView.swift in Sources */,
				6D9DF28D2BF9398100922B9F /* MenuItemsOptionView.swift in Sources */,
				6D9DF25D2BF9384700922B9F /* LittleLemonApp.swift in Sources */,
				6D9DF2912BF939FB00922B9F /* MenuViewViewModel.swift in Sources */,
				6D9DF28B2BF938A700922B9F /* MenuItem.swift in Sources */,
			);
			runOnlyForDeploymentPostprocessing = 0;
		};
		6D9DF2652BF9384800922B9F /* Sources */ = {
			isa = PBXSourcesBuildPhase;
			buildActionMask = 2147483647;
			files = (
				6D9DF26E2BF9384800922B9F /* LittleLemonTests.swift in Sources */,
				6D9DF2932BF93A4E00922B9F /* MenuItemTests.swift in Sources */,
			);
			runOnlyForDeploymentPostprocessing = 0;
		};
		6D9DF26F2BF9384800922B9F /* Sources */ = {
			isa = PBXSourcesBuildPhase;
			buildActionMask = 2147483647;
			files = (
				6D9DF27A2BF9384800922B9F /* LittleLemonUITestsLaunchTests.swift in Sources */,
				6D9DF2782BF9384800922B9F /* LittleLemonUITests.swift in Sources */,
			);
			runOnlyForDeploymentPostprocessing = 0;
		};
/* End PBXSourcesBuildPhase section */

/* Begin PBXTargetDependency section */
		6D9DF26B2BF9384800922B9F /* PBXTargetDependency */ = {
			isa = PBXTargetDependency;
			target = 6D9DF2582BF9384700922B9F /* LittleLemon */;
			targetProxy = 6D9DF26A2BF9384800922B9F /* PBXContainerItemProxy */;
		};
		6D9DF2752BF9384800922B9F /* PBXTargetDependency */ = {
			isa = PBXTargetDependency;
			target = 6D9DF2582BF9384700922B9F /* LittleLemon */;
			targetProxy = 6D9DF2742BF9384800922B9F /* PBXContainerItemProxy */;
		};
/* End PBXTargetDependency section */

/* Begin XCBuildConfiguration section */
		6D9DF27B2BF9384800922B9F /* Debug */ = {
			isa = XCBuildConfiguration;
			buildSettings = {
				ALWAYS_SEARCH_USER_PATHS = NO;
				ASSETCATALOG_COMPILER_GENERATE_SWIFT_ASSET_SYMBOL_EXTENSIONS = YES;
				CLANG_ANALYZER_NONNULL = YES;
				CLANG_ANALYZER_NUMBER_OBJECT_CONVERSION = YES_AGGRESSIVE;
				CLANG_CXX_LANGUAGE_STANDARD = "gnu++20";
				CLANG_ENABLE_MODULES = YES;
				CLANG_ENABLE_OBJC_ARC = YES;
				CLANG_ENABLE_OBJC_WEAK = YES;
				CLANG_WARN_BLOCK_CAPTURE_AUTORELEASING = YES;
				CLANG_WARN_BOOL_CONVERSION = YES;
				CLANG_WARN_COMMA = YES;
				CLANG_WARN_CONSTANT_CONVERSION = YES;
				CLANG_WARN_DEPRECATED_OBJC_IMPLEMENTATIONS = YES;
				CLANG_WARN_DIRECT_OBJC_ISA_USAGE = YES_ERROR;
				CLANG_WARN_DOCUMENTATION_COMMENTS = YES;
				CLANG_WARN_EMPTY_BODY = YES;
				CLANG_WARN_ENUM_CONVERSION = YES;
				CLANG_WARN_INFINITE_RECURSION = YES;
				CLANG_WARN_INT_CONVERSION = YES;
				CLANG_WARN_NON_LITERAL_NULL_CONVERSION = YES;
				CLANG_WARN_OBJC_IMPLICIT_RETAIN_SELF = YES;
				CLANG_WARN_OBJC_LITERAL_CONVERSION = YES;
				CLANG_WARN_OBJC_ROOT_CLASS = YES_ERROR;
				CLANG_WARN_QUOTED_INCLUDE_IN_FRAMEWORK_HEADER = YES;
				CLANG_WARN_RANGE_LOOP_ANALYSIS = YES;
				CLANG_WARN_STRICT_PROTOTYPES = YES;
				CLANG_WARN_SUSPICIOUS_MOVE = YES;
				CLANG_WARN_UNGUARDED_AVAILABILITY = YES_AGGRESSIVE;
				CLANG_WARN_UNREACHABLE_CODE = YES;
				CLANG_WARN__DUPLICATE_METHOD_MATCH = YES;
				COPY_PHASE_STRIP = NO;
				DEBUG_INFORMATION_FORMAT = dwarf;
				ENABLE_STRICT_OBJC_MSGSEND = YES;
				ENABLE_TESTABILITY = YES;
				ENABLE_USER_SCRIPT_SANDBOXING = YES;
				GCC_C_LANGUAGE_STANDARD = gnu17;
				GCC_DYNAMIC_NO_PIC = NO;
				GCC_NO_COMMON_BLOCKS = YES;
				GCC_OPTIMIZATION_LEVEL = 0;
				GCC_PREPROCESSOR_DEFINITIONS = (
					"DEBUG=1",
					"$(inherited)",
				);
				GCC_WARN_64_TO_32_BIT_CONVERSION = YES;
				GCC_WARN_ABOUT_RETURN_TYPE = YES_ERROR;
				GCC_WARN_UNDECLARED_SELECTOR = YES;
				GCC_WARN_UNINITIALIZED_AUTOS = YES_AGGRESSIVE;
				GCC_WARN_UNUSED_FUNCTION = YES;
				GCC_WARN_UNUSED_VARIABLE = YES;
				IPHONEOS_DEPLOYMENT_TARGET = 17.4;
				LOCALIZATION_PREFERS_STRING_CATALOGS = YES;
				MTL_ENABLE_DEBUG_INFO = INCLUDE_SOURCE;
				MTL_FAST_MATH = YES;
				ONLY_ACTIVE_ARCH = YES;
				SDKROOT = iphoneos;
				SWIFT_ACTIVE_COMPILATION_CONDITIONS = "DEBUG $(inherited)";
				SWIFT_OPTIMIZATION_LEVEL = "-Onone";
			};
			name = Debug;
		};
		6D9DF27C2BF9384800922B9F /* Release */ = {
			isa = XCBuildConfiguration;
			buildSettings = {
				ALWAYS_SEARCH_USER_PATHS = NO;
				ASSETCATALOG_COMPILER_GENERATE_SWIFT_ASSET_SYMBOL_EXTENSIONS = YES;
				CLANG_ANALYZER_NONNULL = YES;
				CLANG_ANALYZER_NUMBER_OBJECT_CONVERSION = YES_AGGRESSIVE;
				CLANG_CXX_LANGUAGE_STANDARD = "gnu++20";
				CLANG_ENABLE_MODULES = YES;
				CLANG_ENABLE_OBJC_ARC = YES;
				CLANG_ENABLE_OBJC_WEAK = YES;
				CLANG_WARN_BLOCK_CAPTURE_AUTORELEASING = YES;
				CLANG_WARN_BOOL_CONVERSION = YES;
				CLANG_WARN_COMMA = YES;
				CLANG_WARN_CONSTANT_CONVERSION = YES;
				CLANG_WARN_DEPRECATED_OBJC_IMPLEMENTATIONS = YES;
				CLANG_WARN_DIRECT_OBJC_ISA_USAGE = YES_ERROR;
				CLANG_WARN_DOCUMENTATION_COMMENTS = YES;
				CLANG_WARN_EMPTY_BODY = YES;
				CLANG_WARN_ENUM_CONVERSION = YES;
				CLANG_WARN_INFINITE_RECURSION = YES;
				CLANG_WARN_INT_CONVERSION = YES;
				CLANG_WARN_NON_LITERAL_NULL_CONVERSION = YES;
				CLANG_WARN_OBJC_IMPLICIT_RETAIN_SELF = YES;
				CLANG_WARN_OBJC_LITERAL_CONVERSION = YES;
				CLANG_WARN_OBJC_ROOT_CLASS = YES_ERROR;
				CLANG_WARN_QUOTED_INCLUDE_IN_FRAMEWORK_HEADER = YES;
				CLANG_WARN_RANGE_LOOP_ANALYSIS = YES;
				CLANG_WARN_STRICT_PROTOTYPES = YES;
				CLANG_WARN_SUSPICIOUS_MOVE = YES;
				CLANG_WARN_UNGUARDED_AVAILABILITY = YES_AGGRESSIVE;
				CLANG_WARN_UNREACHABLE_CODE = YES;
				CLANG_WARN__DUPLICATE_METHOD_MATCH = YES;
				COPY_PHASE_STRIP = NO;
				DEBUG_INFORMATION_FORMAT = "dwarf-with-dsym";
				ENABLE_NS_ASSERTIONS = NO;
				ENABLE_STRICT_OBJC_MSGSEND = YES;
				ENABLE_USER_SCRIPT_SANDBOXING = YES;
				GCC_C_LANGUAGE_STANDARD = gnu17;
				GCC_NO_COMMON_BLOCKS = YES;
				GCC_WARN_64_TO_32_BIT_CONVERSION = YES;
				GCC_WARN_ABOUT_RETURN_TYPE = YES_ERROR;
				GCC_WARN_UNDECLARED_SELECTOR = YES;
				GCC_WARN_UNINITIALIZED_AUTOS = YES_AGGRESSIVE;
				GCC_WARN_UNUSED_FUNCTION = YES;
				GCC_WARN_UNUSED_VARIABLE = YES;
				IPHONEOS_DEPLOYMENT_TARGET = 17.4;
				LOCALIZATION_PREFERS_STRING_CATALOGS = YES;
				MTL_ENABLE_DEBUG_INFO = NO;
				MTL_FAST_MATH = YES;
				SDKROOT = iphoneos;
				SWIFT_COMPILATION_MODE = wholemodule;
				VALIDATE_PRODUCT = YES;
			};
			name = Release;
		};
		6D9DF27E2BF9384800922B9F /* Debug */ = {
			isa = XCBuildConfiguration;
			buildSettings = {
				ASSETCATALOG_COMPILER_APPICON_NAME = AppIcon;
				ASSETCATALOG_COMPILER_GLOBAL_ACCENT_COLOR_NAME = AccentColor;
				CODE_SIGN_STYLE = Automatic;
				CURRENT_PROJECT_VERSION = 1;
				DEVELOPMENT_ASSET_PATHS = "\"LittleLemon/Preview Content\"";
				ENABLE_PREVIEWS = YES;
				GENERATE_INFOPLIST_FILE = YES;
				INFOPLIST_KEY_UIApplicationSceneManifest_Generation = YES;
				INFOPLIST_KEY_UIApplicationSupportsIndirectInputEvents = YES;
				INFOPLIST_KEY_UILaunchScreen_Generation = YES;
				INFOPLIST_KEY_UISupportedInterfaceOrientations_iPad = "UIInterfaceOrientationPortrait UIInterfaceOrientationPortraitUpsideDown UIInterfaceOrientationLandscapeLeft UIInterfaceOrientationLandscapeRight";
				INFOPLIST_KEY_UISupportedInterfaceOrientations_iPhone = "UIInterfaceOrientationPortrait UIInterfaceOrientationLandscapeLeft UIInterfaceOrientationLandscapeRight";
				LD_RUNPATH_SEARCH_PATHS = (
					"$(inherited)",
					"@executable_path/Frameworks",
				);
				MARKETING_VERSION = 1.0;
				PRODUCT_BUNDLE_IDENTIFIER = com.sariogluemree.LittleLemon;
				PRODUCT_NAME = "$(TARGET_NAME)";
				SWIFT_EMIT_LOC_STRINGS = YES;
				SWIFT_VERSION = 5.0;
				TARGETED_DEVICE_FAMILY = "1,2";
			};
			name = Debug;
		};
		6D9DF27F2BF9384800922B9F /* Release */ = {
			isa = XCBuildConfiguration;
			buildSettings = {
				ASSETCATALOG_COMPILER_APPICON_NAME = AppIcon;
				ASSETCATALOG_COMPILER_GLOBAL_ACCENT_COLOR_NAME = AccentColor;
				CODE_SIGN_STYLE = Automatic;
				CURRENT_PROJECT_VERSION = 1;
				DEVELOPMENT_ASSET_PATHS = "\"LittleLemon/Preview Content\"";
				ENABLE_PREVIEWS = YES;
				GENERATE_INFOPLIST_FILE = YES;
				INFOPLIST_KEY_UIApplicationSceneManifest_Generation = YES;
				INFOPLIST_KEY_UIApplicationSupportsIndirectInputEvents = YES;
				INFOPLIST_KEY_UILaunchScreen_Generation = YES;
				INFOPLIST_KEY_UISupportedInterfaceOrientations_iPad = "UIInterfaceOrientationPortrait UIInterfaceOrientationPortraitUpsideDown UIInterfaceOrientationLandscapeLeft UIInterfaceOrientationLandscapeRight";
				INFOPLIST_KEY_UISupportedInterfaceOrientations_iPhone = "UIInterfaceOrientationPortrait UIInterfaceOrientationLandscapeLeft UIInterfaceOrientationLandscapeRight";
				LD_RUNPATH_SEARCH_PATHS = (
					"$(inherited)",
					"@executable_path/Frameworks",
				);
				MARKETING_VERSION = 1.0;
				PRODUCT_BUNDLE_IDENTIFIER = com.sariogluemree.LittleLemon;
				PRODUCT_NAME = "$(TARGET_NAME)";
				SWIFT_EMIT_LOC_STRINGS = YES;
				SWIFT_VERSION = 5.0;
				TARGETED_DEVICE_FAMILY = "1,2";
			};
			name = Release;
		};
		6D9DF2812BF9384800922B9F /* Debug */ = {
			isa = XCBuildConfiguration;
			buildSettings = {
				ALWAYS_EMBED_SWIFT_STANDARD_LIBRARIES = YES;
				BUNDLE_LOADER = "$(TEST_HOST)";
				CODE_SIGN_STYLE = Automatic;
				CURRENT_PROJECT_VERSION = 1;
				GENERATE_INFOPLIST_FILE = YES;
				IPHONEOS_DEPLOYMENT_TARGET = 17.4;
				MARKETING_VERSION = 1.0;
				PRODUCT_BUNDLE_IDENTIFIER = com.sariogluemree.LittleLemonTests;
				PRODUCT_NAME = "$(TARGET_NAME)";
				SWIFT_EMIT_LOC_STRINGS = NO;
				SWIFT_VERSION = 5.0;
				TARGETED_DEVICE_FAMILY = "1,2";
				TEST_HOST = "$(BUILT_PRODUCTS_DIR)/LittleLemon.app/$(BUNDLE_EXECUTABLE_FOLDER_PATH)/LittleLemon";
			};
			name = Debug;
		};
		6D9DF2822BF9384800922B9F /* Release */ = {
			isa = XCBuildConfiguration;
			buildSettings = {
				ALWAYS_EMBED_SWIFT_STANDARD_LIBRARIES = YES;
				BUNDLE_LOADER = "$(TEST_HOST)";
				CODE_SIGN_STYLE = Automatic;
				CURRENT_PROJECT_VERSION = 1;
				GENERATE_INFOPLIST_FILE = YES;
				IPHONEOS_DEPLOYMENT_TARGET = 17.4;
				MARKETING_VERSION = 1.0;
				PRODUCT_BUNDLE_IDENTIFIER = com.sariogluemree.LittleLemonTests;
				PRODUCT_NAME = "$(TARGET_NAME)";
				SWIFT_EMIT_LOC_STRINGS = NO;
				SWIFT_VERSION = 5.0;
				TARGETED_DEVICE_FAMILY = "1,2";
				TEST_HOST = "$(BUILT_PRODUCTS_DIR)/LittleLemon.app/$(BUNDLE_EXECUTABLE_FOLDER_PATH)/LittleLemon";
			};
			name = Release;
		};
		6D9DF2842BF9384800922B9F /* Debug */ = {
			isa = XCBuildConfiguration;
			buildSettings = {
				ALWAYS_EMBED_SWIFT_STANDARD_LIBRARIES = YES;
				CODE_SIGN_STYLE = Automatic;
				CURRENT_PROJECT_VERSION = 1;
				GENERATE_INFOPLIST_FILE = YES;
				MARKETING_VERSION = 1.0;
				PRODUCT_BUNDLE_IDENTIFIER = com.sariogluemree.LittleLemonUITests;
				PRODUCT_NAME = "$(TARGET_NAME)";
				SWIFT_EMIT_LOC_STRINGS = NO;
				SWIFT_VERSION = 5.0;
				TARGETED_DEVICE_FAMILY = "1,2";
				TEST_TARGET_NAME = LittleLemon;
			};
			name = Debug;
		};
		6D9DF2852BF9384800922B9F /* Release */ = {
			isa = XCBuildConfiguration;
			buildSettings = {
				ALWAYS_EMBED_SWIFT_STANDARD_LIBRARIES = YES;
				CODE_SIGN_STYLE = Automatic;
				CURRENT_PROJECT_VERSION = 1;
				GENERATE_INFOPLIST_FILE = YES;
				MARKETING_VERSION = 1.0;
				PRODUCT_BUNDLE_IDENTIFIER = com.sariogluemree.LittleLemonUITests;
				PRODUCT_NAME = "$(TARGET_NAME)";
				SWIFT_EMIT_LOC_STRINGS = NO;
				SWIFT_VERSION = 5.0;
				TARGETED_DEVICE_FAMILY = "1,2";
				TEST_TARGET_NAME = LittleLemon;
			};
			name = Release;
		};
/* End XCBuildConfiguration section */

/* Begin XCConfigurationList section */
		6D9DF2542BF9384700922B9F /* Build configuration list for PBXProject "LittleLemon" */ = {
			isa = XCConfigurationList;
			buildConfigurations = (
				6D9DF27B2BF9384800922B9F /* Debug */,
				6D9DF27C2BF9384800922B9F /* Release */,
			);
			defaultConfigurationIsVisible = 0;
			defaultConfigurationName = Release;
		};
		6D9DF27D2BF9384800922B9F /* Build configuration list for PBXNativeTarget "LittleLemon" */ = {
			isa = XCConfigurationList;
			buildConfigurations = (
				6D9DF27E2BF9384800922B9F /* Debug */,
				6D9DF27F2BF9384800922B9F /* Release */,
			);
			defaultConfigurationIsVisible = 0;
			defaultConfigurationName = Release;
		};
		6D9DF2802BF9384800922B9F /* Build configuration list for PBXNativeTarget "LittleLemonTests" */ = {
			isa = XCConfigurationList;
			buildConfigurations = (
				6D9DF2812BF9384800922B9F /* Debug */,
				6D9DF2822BF9384800922B9F /* Release */,
			);
			defaultConfigurationIsVisible = 0;
			defaultConfigurationName = Release;
		};
		6D9DF2832BF9384800922B9F /* Build configuration list for PBXNativeTarget "LittleLemonUITests" */ = {
			isa = XCConfigurationList;
			buildConfigurations = (
				6D9DF2842BF9384800922B9F /* Debug */,
				6D9DF2852BF9384800922B9F /* Release */,
			);
			defaultConfigurationIsVisible = 0;
			defaultConfigurationName = Release;
		};
/* End XCConfigurationList section */
	};
	rootObject = 6D9DF2512BF9384700922B9F /* Project object */;
}
